
Microsoft Visual Studio Solution File, Format Version 12.00
# Visual Studio Version 16
VisualStudioVersion = 16.0.33529.622
MinimumVisualStudioVersion = 10.0.40219.1
Project("{FAE04EC0-301F-11D3-BF4B-00C04F79EFBC}") = "NinjaWiki", "NinjaWiki\NinjaWiki.csproj", "{5BF5C823-A672-42EE-A61F-E10A632C6136}"
EndProject
Global
	GlobalSection(SolutionConfigurationPlatforms) = preSolution
		Debug|Any CPU = Debug|Any CPU
		Release|Any CPU = Release|Any CPU
	EndGlobalSection
	GlobalSection(ProjectConfigurationPlatforms) = postSolution
		{5BF5C823-A672-42EE-A61F-E10A632C6136}.Debug|Any CPU.ActiveCfg = Debug|Any CPU
		{5BF5C823-A672-42EE-A61F-E10A632C6136}.Debug|Any CPU.Build.0 = Debug|Any CPU
		{5BF5C823-A672-42EE-A61F-E10A632C6136}.Release|Any CPU.ActiveCfg = Release|Any CPU
		{5BF5C823-A672-42EE-A61F-E10A632C6136}.Release|Any CPU.Build.0 = Release|Any CPU
	EndGlobalSection
	GlobalSection(SolutionProperties) = preSolution
		HideSolutionNode = FALSE
	EndGlobalSection
	GlobalSection(ExtensibilityGlobals) = postSolution
		SolutionGuid = {68AAC614-8E0D-408D-8D60-865EF7AD20F3}
	EndGlobalSection
EndGlobal
